{
  "name": "Bookmark-git",
  "lockfileVersion": 3,
  "requires": true,
  "packages": {
    "": {
      "dependencies": {
        "chrome-types": "^0.1.254"
      }
    },
    "node_modules/chrome-types": {
      "version": "0.1.254",
      "resolved": "https://registry.npmjs.org/chrome-types/-/chrome-types-0.1.254.tgz",
      "integrity": "sha512-RtBHvCRGvoVOvw2672l5MPeDTd8kVag6RdGeePoUJTOFaTNhjj/n4iA9ClGgqQj6igMGVctLSqF+oTrJwmeE+g=="
    }
  }
}
